Microsoft Visual Studio Solution File, Format Version 12.00
# Visual Studio Version 17
VisualStudioVersion = 17.5.2.0
MinimumVisualStudioVersion = 10.0.40219.1
Project("{FAE04EC0-301F-11D3-BF4B-00C04F79EFBC}") = "Day27_Assignment2", "Day27_Assignment2.csproj", "{83619C25-8861-2129-4F1B-39D05A10E08B}"
EndProject
Global
	GlobalSection(SolutionConfigurationPlatforms) = preSolution
		Debug|Any CPU = Debug|Any CPU
		Release|Any CPU = Release|Any CPU
	EndGlobalSection
	GlobalSection(ProjectConfigurationPlatforms) = postSolution
		{83619C25-8861-2129-4F1B-39D05A10E08B}.Debug|Any CPU.ActiveCfg = Debug|Any CPU
		{83619C25-8861-2129-4F1B-39D05A10E08B}.Debug|Any CPU.Build.0 = Debug|Any CPU
		{83619C25-8861-2129-4F1B-39D05A10E08B}.Release|Any CPU.ActiveCfg = Release|Any CPU
		{83619C25-8861-2129-4F1B-39D05A10E08B}.Release|Any CPU.Build.0 = Release|Any CPU
	EndGlobalSection
	GlobalSection(SolutionProperties) = preSolution
		HideSolutionNode = FALSE
	EndGlobalSection
	GlobalSection(ExtensibilityGlobals) = postSolution
		SolutionGuid = {2EF22D4D-4D43-4279-8C12-9D1192E15538}
	EndGlobalSection
EndGlobal
