Microsoft Visual Studio Solution File, Format Version 12.00
# Visual Studio Version 17
VisualStudioVersion = 17.5.2.0
MinimumVisualStudioVersion = 10.0.40219.1
Project("{FAE04EC0-301F-11D3-BF4B-00C04F79EFBC}") = "Day28_Assignment1", "Day28_Assignment1.csproj", "{2D6AD79C-2A29-4874-3EA1-652A6700A96A}"
EndProject
Global
	GlobalSection(SolutionConfigurationPlatforms) = preSolution
		Debug|Any CPU = Debug|Any CPU
		Release|Any CPU = Release|Any CPU
	EndGlobalSection
	GlobalSection(ProjectConfigurationPlatforms) = postSolution
		{2D6AD79C-2A29-4874-3EA1-652A6700A96A}.Debug|Any CPU.ActiveCfg = Debug|Any CPU
		{2D6AD79C-2A29-4874-3EA1-652A6700A96A}.Debug|Any CPU.Build.0 = Debug|Any CPU
		{2D6AD79C-2A29-4874-3EA1-652A6700A96A}.Release|Any CPU.ActiveCfg = Release|Any CPU
		{2D6AD79C-2A29-4874-3EA1-652A6700A96A}.Release|Any CPU.Build.0 = Release|Any CPU
	EndGlobalSection
	GlobalSection(SolutionProperties) = preSolution
		HideSolutionNode = FALSE
	EndGlobalSection
	GlobalSection(ExtensibilityGlobals) = postSolution
		SolutionGuid = {C61E9A04-AEED-44B6-A935-76A418EC1079}
	EndGlobalSection
EndGlobal
